
Microsoft Visual Studio Solution File, Format Version 12.00
# Visual Studio Version 16
VisualStudioVersion = 16.0.30225.117
MinimumVisualStudioVersion = 10.0.40219.1
Project("{9A19103F-16F7-4668-BE54-9A1E7A4F7556}") = "MiniRazor", "MiniRazor\MiniRazor.csproj", "{55199720-A2DF-4C70-A95F-9465F65011BE}"
EndProject
Project("{9A19103F-16F7-4668-BE54-9A1E7A4F7556}") = "MiniRazor.Tests", "MiniRazor.Tests\MiniRazor.Tests.csproj", "{36926806-0E5D-4E94-9773-00506EA859E8}"
EndProject
Project("{2150E333-8FDC-42A3-9474-1A3956D46DE8}") = "Misc", "Misc", "{DC63BCD7-20D4-4162-BF57-DF22D4974551}"
	ProjectSection(SolutionItems) = preProject
		Changelog.md = Changelog.md
		License.txt = License.txt
		MiniRazor.props = MiniRazor.props
		Readme.md = Readme.md
	EndProjectSection
EndProject
Project("{9A19103F-16F7-4668-BE54-9A1E7A4F7556}") = "MiniRazor.TagHelpers", "MiniRazor.TagHelper\MiniRazor.TagHelpers.csproj", "{A03186AA-D2D3-48C8-ADB4-D0876B039788}"
EndProject
Project("{9A19103F-16F7-4668-BE54-9A1E7A4F7556}") = "MiniRazor.TagHelpers.Tests", "MiniRazor.TagHelpers.Tests\MiniRazor.TagHelpers.Tests.csproj", "{72EAD13E-90A5-4142-9228-41D3713FC98B}"
EndProject
Global
	GlobalSection(SolutionConfigurationPlatforms) = preSolution
		Debug|Any CPU = Debug|Any CPU
		Release|Any CPU = Release|Any CPU
	EndGlobalSection
	GlobalSection(ProjectConfigurationPlatforms) = postSolution
		{55199720-A2DF-4C70-A95F-9465F65011BE}.Debug|Any CPU.ActiveCfg = Debug|Any CPU
		{55199720-A2DF-4C70-A95F-9465F65011BE}.Debug|Any CPU.Build.0 = Debug|Any CPU
		{55199720-A2DF-4C70-A95F-9465F65011BE}.Release|Any CPU.ActiveCfg = Release|Any CPU
		{55199720-A2DF-4C70-A95F-9465F65011BE}.Release|Any CPU.Build.0 = Release|Any CPU
		{36926806-0E5D-4E94-9773-00506EA859E8}.Debug|Any CPU.ActiveCfg = Debug|Any CPU
		{36926806-0E5D-4E94-9773-00506EA859E8}.Debug|Any CPU.Build.0 = Debug|Any CPU
		{36926806-0E5D-4E94-9773-00506EA859E8}.Release|Any CPU.ActiveCfg = Release|Any CPU
		{36926806-0E5D-4E94-9773-00506EA859E8}.Release|Any CPU.Build.0 = Release|Any CPU
		{A03186AA-D2D3-48C8-ADB4-D0876B039788}.Debug|Any CPU.ActiveCfg = Debug|Any CPU
		{A03186AA-D2D3-48C8-ADB4-D0876B039788}.Debug|Any CPU.Build.0 = Debug|Any CPU
		{A03186AA-D2D3-48C8-ADB4-D0876B039788}.Release|Any CPU.ActiveCfg = Release|Any CPU
		{A03186AA-D2D3-48C8-ADB4-D0876B039788}.Release|Any CPU.Build.0 = Release|Any CPU
		{72EAD13E-90A5-4142-9228-41D3713FC98B}.Debug|Any CPU.ActiveCfg = Debug|Any CPU
		{72EAD13E-90A5-4142-9228-41D3713FC98B}.Debug|Any CPU.Build.0 = Debug|Any CPU
		{72EAD13E-90A5-4142-9228-41D3713FC98B}.Release|Any CPU.ActiveCfg = Release|Any CPU
		{72EAD13E-90A5-4142-9228-41D3713FC98B}.Release|Any CPU.Build.0 = Release|Any CPU
	EndGlobalSection
	GlobalSection(SolutionProperties) = preSolution
		HideSolutionNode = FALSE
	EndGlobalSection
	GlobalSection(ExtensibilityGlobals) = postSolution
		SolutionGuid = {077D1A52-0067-4B20-85EA-63A4D1E2A633}
	EndGlobalSection
EndGlobal
